
Microsoft Visual Studio Solution File, Format Version 12.00
# Visual Studio 14
VisualStudioVersion = 14.0.25420.1
MinimumVisualStudioVersion = 10.0.40219.1
Project("{2150E333-8FDC-42A3-9474-1A3956D46DE8}") = "Domain", "Domain", "{B7EA8846-8815-4803-B281-53DE2002CDBF}"
EndProject
Project("{2150E333-8FDC-42A3-9474-1A3956D46DE8}") = "Application Service", "Application Service", "{C6116E10-D178-4918-AF03-01BAB530B85A}"
EndProject
Project("{2150E333-8FDC-42A3-9474-1A3956D46DE8}") = "API", "API", "{C1E7626C-E4CC-455B-94BF-558ED403717F}"
EndProject
Project("{2150E333-8FDC-42A3-9474-1A3956D46DE8}") = "Infrastructure", "Infrastructure", "{557A76E7-4F5C-4BB4-AD0D-B0760B70FBAC}"
EndProject
Project("{2150E333-8FDC-42A3-9474-1A3956D46DE8}") = "Test", "Test", "{AC134C79-1284-438D-B556-43F780F6ED2E}"
EndProject
Project("{FAE04EC0-301F-11D3-BF4B-00C04F79EFBC}") = "HDomain", "HDomain\HDomain.csproj", "{67CB9885-180B-428F-9966-BDC5FAEDC0BF}"
EndProject
Project("{FAE04EC0-301F-11D3-BF4B-00C04F79EFBC}") = "HSharedKernel", "HSharedKernel\HSharedKernel.csproj", "{5F209E11-A117-4BE7-9F2D-FFF6B5B3BF78}"
EndProject
Project("{FAE04EC0-301F-11D3-BF4B-00C04F79EFBC}") = "HInfrastructure", "HInfrastructure\HInfrastructure.csproj", "{DF106093-76DA-4CAC-A17E-D72ABD5E8FF7}"
EndProject
Project("{FAE04EC0-301F-11D3-BF4B-00C04F79EFBC}") = "HApplicationService", "HApplicationService\HApplicationService.csproj", "{D3E7A474-0C72-4E86-873F-5F5AE3E02293}"
EndProject
Project("{FAE04EC0-301F-11D3-BF4B-00C04F79EFBC}") = "HTest", "HTest\HTest.csproj", "{31BEAE9F-FCBF-417E-B958-CBEF796F824F}"
EndProject
Project("{FAE04EC0-301F-11D3-BF4B-00C04F79EFBC}") = "HCrossCutting", "HCrossCutting\HCrossCutting.csproj", "{3F965457-C2CE-47B3-8056-2EE55DDDDFCE}"
EndProject
Project("{FAE04EC0-301F-11D3-BF4B-00C04F79EFBC}") = "HApi", "HApi\HApi.csproj", "{48FD12D0-1081-43E1-872A-0A562CFA2BE8}"
EndProject
Global
	GlobalSection(SolutionConfigurationPlatforms) = preSolution
		Debug|Any CPU = Debug|Any CPU
		Release|Any CPU = Release|Any CPU
	EndGlobalSection
	GlobalSection(ProjectConfigurationPlatforms) = postSolution
		{67CB9885-180B-428F-9966-BDC5FAEDC0BF}.Debug|Any CPU.ActiveCfg = Debug|Any CPU
		{67CB9885-180B-428F-9966-BDC5FAEDC0BF}.Debug|Any CPU.Build.0 = Debug|Any CPU
		{67CB9885-180B-428F-9966-BDC5FAEDC0BF}.Release|Any CPU.ActiveCfg = Release|Any CPU
		{67CB9885-180B-428F-9966-BDC5FAEDC0BF}.Release|Any CPU.Build.0 = Release|Any CPU
		{5F209E11-A117-4BE7-9F2D-FFF6B5B3BF78}.Debug|Any CPU.ActiveCfg = Debug|Any CPU
		{5F209E11-A117-4BE7-9F2D-FFF6B5B3BF78}.Debug|Any CPU.Build.0 = Debug|Any CPU
		{5F209E11-A117-4BE7-9F2D-FFF6B5B3BF78}.Release|Any CPU.ActiveCfg = Release|Any CPU
		{5F209E11-A117-4BE7-9F2D-FFF6B5B3BF78}.Release|Any CPU.Build.0 = Release|Any CPU
		{DF106093-76DA-4CAC-A17E-D72ABD5E8FF7}.Debug|Any CPU.ActiveCfg = Debug|Any CPU
		{DF106093-76DA-4CAC-A17E-D72ABD5E8FF7}.Debug|Any CPU.Build.0 = Debug|Any CPU
		{DF106093-76DA-4CAC-A17E-D72ABD5E8FF7}.Release|Any CPU.ActiveCfg = Release|Any CPU
		{DF106093-76DA-4CAC-A17E-D72ABD5E8FF7}.Release|Any CPU.Build.0 = Release|Any CPU
		{D3E7A474-0C72-4E86-873F-5F5AE3E02293}.Debug|Any CPU.ActiveCfg = Debug|Any CPU
		{D3E7A474-0C72-4E86-873F-5F5AE3E02293}.Debug|Any CPU.Build.0 = Debug|Any CPU
		{D3E7A474-0C72-4E86-873F-5F5AE3E02293}.Release|Any CPU.ActiveCfg = Release|Any CPU
		{D3E7A474-0C72-4E86-873F-5F5AE3E02293}.Release|Any CPU.Build.0 = Release|Any CPU
		{31BEAE9F-FCBF-417E-B958-CBEF796F824F}.Debug|Any CPU.ActiveCfg = Debug|Any CPU
		{31BEAE9F-FCBF-417E-B958-CBEF796F824F}.Debug|Any CPU.Build.0 = Debug|Any CPU
		{31BEAE9F-FCBF-417E-B958-CBEF796F824F}.Release|Any CPU.ActiveCfg = Release|Any CPU
		{31BEAE9F-FCBF-417E-B958-CBEF796F824F}.Release|Any CPU.Build.0 = Release|Any CPU
		{3F965457-C2CE-47B3-8056-2EE55DDDDFCE}.Debug|Any CPU.ActiveCfg = Debug|Any CPU
		{3F965457-C2CE-47B3-8056-2EE55DDDDFCE}.Debug|Any CPU.Build.0 = Debug|Any CPU
		{3F965457-C2CE-47B3-8056-2EE55DDDDFCE}.Release|Any CPU.ActiveCfg = Release|Any CPU
		{3F965457-C2CE-47B3-8056-2EE55DDDDFCE}.Release|Any CPU.Build.0 = Release|Any CPU
		{48FD12D0-1081-43E1-872A-0A562CFA2BE8}.Debug|Any CPU.ActiveCfg = Debug|Any CPU
		{48FD12D0-1081-43E1-872A-0A562CFA2BE8}.Debug|Any CPU.Build.0 = Debug|Any CPU
		{48FD12D0-1081-43E1-872A-0A562CFA2BE8}.Release|Any CPU.ActiveCfg = Release|Any CPU
		{48FD12D0-1081-43E1-872A-0A562CFA2BE8}.Release|Any CPU.Build.0 = Release|Any CPU
	EndGlobalSection
	GlobalSection(SolutionProperties) = preSolution
		HideSolutionNode = FALSE
	EndGlobalSection
	GlobalSection(NestedProjects) = preSolution
		{67CB9885-180B-428F-9966-BDC5FAEDC0BF} = {B7EA8846-8815-4803-B281-53DE2002CDBF}
		{5F209E11-A117-4BE7-9F2D-FFF6B5B3BF78} = {B7EA8846-8815-4803-B281-53DE2002CDBF}
		{DF106093-76DA-4CAC-A17E-D72ABD5E8FF7} = {557A76E7-4F5C-4BB4-AD0D-B0760B70FBAC}
		{D3E7A474-0C72-4E86-873F-5F5AE3E02293} = {C6116E10-D178-4918-AF03-01BAB530B85A}
		{31BEAE9F-FCBF-417E-B958-CBEF796F824F} = {AC134C79-1284-438D-B556-43F780F6ED2E}
		{3F965457-C2CE-47B3-8056-2EE55DDDDFCE} = {557A76E7-4F5C-4BB4-AD0D-B0760B70FBAC}
		{48FD12D0-1081-43E1-872A-0A562CFA2BE8} = {C1E7626C-E4CC-455B-94BF-558ED403717F}
	EndGlobalSection
EndGlobal
